
Microsoft Visual Studio Solution File, Format Version 12.00
Project("{FAE04EC0-301F-11D3-BF4B-00C04F79EFBC}") = "OrdersSomething.Tests", "OrdersSomething.Tests\OrdersSomething.Tests.csproj", "{7E5E5591-7B0D-4638-827D-E110CE4D13BA}"
EndProject
Project("{FAE04EC0-301F-11D3-BF4B-00C04F79EFBC}") = "OrdersSomething.Command.Api", "OrdersSomething.Command.Api\OrdersSomething.Command.Api.csproj", "{94323076-A05E-4DEB-9EFB-C729185F633D}"
EndProject
Project("{FAE04EC0-301F-11D3-BF4B-00C04F79EFBC}") = "OrdersSomething.Query.Api", "OrdersSomething.Query.Api\OrdersSomething.Query.Api.csproj", "{26E9EFB3-7D0C-462C-B788-A0F887D4BDBB}"
EndProject
Project("{FAE04EC0-301F-11D3-BF4B-00C04F79EFBC}") = "OrdersSomething.Core", "OrdersSomething.Core\OrdersSomething.Core.csproj", "{5379917E-6590-4417-8A7B-8367E2CDE103}"
EndProject
Global
	GlobalSection(SolutionConfigurationPlatforms) = preSolution
		Debug|Any CPU = Debug|Any CPU
		Debug|x64 = Debug|x64
		Debug|x86 = Debug|x86
		Release|Any CPU = Release|Any CPU
		Release|x64 = Release|x64
		Release|x86 = Release|x86
	EndGlobalSection
	GlobalSection(ProjectConfigurationPlatforms) = postSolution
		{7E5E5591-7B0D-4638-827D-E110CE4D13BA}.Debug|Any CPU.ActiveCfg = Debug|Any CPU
		{7E5E5591-7B0D-4638-827D-E110CE4D13BA}.Debug|Any CPU.Build.0 = Debug|Any CPU
		{7E5E5591-7B0D-4638-827D-E110CE4D13BA}.Debug|x64.ActiveCfg = Debug|Any CPU
		{7E5E5591-7B0D-4638-827D-E110CE4D13BA}.Debug|x64.Build.0 = Debug|Any CPU
		{7E5E5591-7B0D-4638-827D-E110CE4D13BA}.Debug|x86.ActiveCfg = Debug|Any CPU
		{7E5E5591-7B0D-4638-827D-E110CE4D13BA}.Debug|x86.Build.0 = Debug|Any CPU
		{7E5E5591-7B0D-4638-827D-E110CE4D13BA}.Release|Any CPU.ActiveCfg = Release|Any CPU
		{7E5E5591-7B0D-4638-827D-E110CE4D13BA}.Release|Any CPU.Build.0 = Release|Any CPU
		{7E5E5591-7B0D-4638-827D-E110CE4D13BA}.Release|x64.ActiveCfg = Release|Any CPU
		{7E5E5591-7B0D-4638-827D-E110CE4D13BA}.Release|x64.Build.0 = Release|Any CPU
		{7E5E5591-7B0D-4638-827D-E110CE4D13BA}.Release|x86.ActiveCfg = Release|Any CPU
		{7E5E5591-7B0D-4638-827D-E110CE4D13BA}.Release|x86.Build.0 = Release|Any CPU
		{94323076-A05E-4DEB-9EFB-C729185F633D}.Debug|Any CPU.ActiveCfg = Debug|Any CPU
		{94323076-A05E-4DEB-9EFB-C729185F633D}.Debug|Any CPU.Build.0 = Debug|Any CPU
		{94323076-A05E-4DEB-9EFB-C729185F633D}.Debug|x64.ActiveCfg = Debug|Any CPU
		{94323076-A05E-4DEB-9EFB-C729185F633D}.Debug|x64.Build.0 = Debug|Any CPU
		{94323076-A05E-4DEB-9EFB-C729185F633D}.Debug|x86.ActiveCfg = Debug|Any CPU
		{94323076-A05E-4DEB-9EFB-C729185F633D}.Debug|x86.Build.0 = Debug|Any CPU
		{94323076-A05E-4DEB-9EFB-C729185F633D}.Release|Any CPU.ActiveCfg = Release|Any CPU
		{94323076-A05E-4DEB-9EFB-C729185F633D}.Release|Any CPU.Build.0 = Release|Any CPU
		{94323076-A05E-4DEB-9EFB-C729185F633D}.Release|x64.ActiveCfg = Release|Any CPU
		{94323076-A05E-4DEB-9EFB-C729185F633D}.Release|x64.Build.0 = Release|Any CPU
		{94323076-A05E-4DEB-9EFB-C729185F633D}.Release|x86.ActiveCfg = Release|Any CPU
		{94323076-A05E-4DEB-9EFB-C729185F633D}.Release|x86.Build.0 = Release|Any CPU
		{26E9EFB3-7D0C-462C-B788-A0F887D4BDBB}.Debug|Any CPU.ActiveCfg = Debug|Any CPU
		{26E9EFB3-7D0C-462C-B788-A0F887D4BDBB}.Debug|Any CPU.Build.0 = Debug|Any CPU
		{26E9EFB3-7D0C-462C-B788-A0F887D4BDBB}.Debug|x64.ActiveCfg = Debug|Any CPU
		{26E9EFB3-7D0C-462C-B788-A0F887D4BDBB}.Debug|x64.Build.0 = Debug|Any CPU
		{26E9EFB3-7D0C-462C-B788-A0F887D4BDBB}.Debug|x86.ActiveCfg = Debug|Any CPU
		{26E9EFB3-7D0C-462C-B788-A0F887D4BDBB}.Debug|x86.Build.0 = Debug|Any CPU
		{26E9EFB3-7D0C-462C-B788-A0F887D4BDBB}.Release|Any CPU.ActiveCfg = Release|Any CPU
		{26E9EFB3-7D0C-462C-B788-A0F887D4BDBB}.Release|Any CPU.Build.0 = Release|Any CPU
		{26E9EFB3-7D0C-462C-B788-A0F887D4BDBB}.Release|x64.ActiveCfg = Release|Any CPU
		{26E9EFB3-7D0C-462C-B788-A0F887D4BDBB}.Release|x64.Build.0 = Release|Any CPU
		{26E9EFB3-7D0C-462C-B788-A0F887D4BDBB}.Release|x86.ActiveCfg = Release|Any CPU
		{26E9EFB3-7D0C-462C-B788-A0F887D4BDBB}.Release|x86.Build.0 = Release|Any CPU
		{5379917E-6590-4417-8A7B-8367E2CDE103}.Debug|Any CPU.ActiveCfg = Debug|Any CPU
		{5379917E-6590-4417-8A7B-8367E2CDE103}.Debug|Any CPU.Build.0 = Debug|Any CPU
		{5379917E-6590-4417-8A7B-8367E2CDE103}.Debug|x64.ActiveCfg = Debug|Any CPU
		{5379917E-6590-4417-8A7B-8367E2CDE103}.Debug|x64.Build.0 = Debug|Any CPU
		{5379917E-6590-4417-8A7B-8367E2CDE103}.Debug|x86.ActiveCfg = Debug|Any CPU
		{5379917E-6590-4417-8A7B-8367E2CDE103}.Debug|x86.Build.0 = Debug|Any CPU
		{5379917E-6590-4417-8A7B-8367E2CDE103}.Release|Any CPU.ActiveCfg = Release|Any CPU
		{5379917E-6590-4417-8A7B-8367E2CDE103}.Release|Any CPU.Build.0 = Release|Any CPU
		{5379917E-6590-4417-8A7B-8367E2CDE103}.Release|x64.ActiveCfg = Release|Any CPU
		{5379917E-6590-4417-8A7B-8367E2CDE103}.Release|x64.Build.0 = Release|Any CPU
		{5379917E-6590-4417-8A7B-8367E2CDE103}.Release|x86.ActiveCfg = Release|Any CPU
		{5379917E-6590-4417-8A7B-8367E2CDE103}.Release|x86.Build.0 = Release|Any CPU
	EndGlobalSection
	GlobalSection(SolutionProperties) = preSolution
		HideSolutionNode = FALSE
	EndGlobalSection
EndGlobal
